# This file is machine-generated by `gh actions-lock`.
# Do not edit by hand; run `gh actions-lock` to update.
# Docs: https://gh.io/actions-lockfile
version: 'v0.0.2'
workflows:
    '.github/workflows/assign-labels.yaml':
        - 'dupuy/action-assign-labels@v2.6.1'
        - 'step-security/harden-runner@v2.21.0'
    '.github/workflows/cancel-pending-approval.yaml':
        - 'actions/github-script@v9.0.0'
        - 'step-security/harden-runner@v2.21.0'
    '.github/workflows/codeql.yaml':
        - 'actions/checkout@v7.0.1'
        - 'github/codeql-action@v4.37.9'
        - 'step-security/harden-runner@v2.21.0'
    '.github/workflows/coverage-reporter.yaml':
        - 'actions/upload-code-coverage@v1.4.2'
        - 'step-security/codacy-coverage-reporter-action@v1.3.0'
        - 'step-security/harden-runner@v2.21.0'
    '.github/workflows/dependency-review.yaml':
        - 'actions/checkout@v7.0.1'
        - 'actions/dependency-review-action@v5.0.0'
        - 'step-security/harden-runner@v2.21.0'
    '.github/workflows/handle-upstream-pr-closed.yaml':
        - 'step-security/harden-runner@v2.21.0'
    '.github/workflows/notify-forks-on-pr-close.yaml':
        - 'step-security/harden-runner@v2.21.0'
    '.github/workflows/ossf-scorecard.yaml':
        - 'actions/checkout@v7.0.1'
        - 'actions/upload-artifact@v7.0.1'
        - 'github/codeql-action@v4.37.9'
        - 'ossf/scorecard-action@v2.4.4'
        - 'step-security/harden-runner@v2.21.0'
    '.github/workflows/python-app.yaml':
        - 'actions/checkout@v7.0.1'
        - 'actions/setup-python@v7.0.0'
        - 'actions/upload-artifact@v7.0.1'
        - 'anchore/sbom-action@v0.24.2'
        - 'orhun/git-cliff-action@v4.8.0'
        - 'step-security/harden-runner@v2.21.0'
    '.github/workflows/stale.yaml':
        - 'actions/stale@v11.0.0'
        - 'step-security/harden-runner@v2.21.0'
    '.github/workflows/test-coverage.yaml':
        - 'actions/checkout@v7.0.1'
        - 'actions/setup-python@v7.0.0'
        - 'actions/upload-artifact@v7.0.1'
        - 'step-security/harden-runner@v2.21.0'
dependencies:
    'actions/checkout@v7.0.1':
        ref: 'v7.0.1'
        commit: 'sha1-3d3c42e5aac5ba805825da76410c181273ba90b1'
        owner_id: 44036562
        repo_id: 197814629
    'actions/dependency-review-action@v5.0.0':
        ref: 'v5.0.0'
        commit: 'sha1-a1d282b36b6f3519aa1f3fc636f609c47dddb294'
        owner_id: 44036562
        repo_id: 476372928
    'actions/github-script@v9.0.0':
        ref: 'v9.0.0'
        commit: 'sha1-3a2844b7e9c422d3c10d287c895573f7108da1b3'
        owner_id: 44036562
        repo_id: 205262760
    'actions/setup-python@v7.0.0':
        ref: 'v7.0.0'
        commit: 'sha1-5fda3b95a4ea91299a34e894583c3862153e4b97'
        owner_id: 44036562
        repo_id: 192625525
    'actions/stale@v11.0.0':
        ref: 'v11.0.0'
        commit: 'sha1-4391f3da665fdf50b6810c1a66712fb9ba21aa93'
        owner_id: 44036562
        repo_id: 200437066
    'actions/upload-artifact@v7.0.1':
        ref: 'v7.0.1'
        commit: 'sha1-043fb46d1a93c77aae656e7c1c64a875d1fc6a0a'
        owner_id: 44036562
        repo_id: 192625955
    'actions/upload-code-coverage@v1.4.2':
        ref: 'v1.4.2'
        commit: 'sha1-d8e329117199404bba6fc81efe8093dc7c015e34'
        owner_id: 44036562
        repo_id: 1220171870
    'anchore/sbom-action@v0.24.2':
        ref: 'v0.24.2'
        commit: 'sha1-3ad7283483fc7af8ff2b4ea19663c2d5ca935e26'
        owner_id: 16208487
        repo_id: 399925381
    'dupuy/action-assign-labels@v2.6.1':
        ref: 'v2.6.1'
        commit: 'sha1-441d2f8960b781df4abf3b66e13473a47d893f50'
        owner_id: 33216
        repo_id: 775655397
    'github/codeql-action@v4.37.9':
        ref: 'v4.37.9'
        commit: 'sha1-cdf488f595d80d6e07e03d4674febd5ab45fa938'
        owner_id: 9919
        repo_id: 259445878
    'orhun/git-cliff-action@v4.8.0':
        ref: 'v4.8.0'
        commit: 'sha1-f50e11560dce63f7c33227798f90b924471a88b5'
        owner_id: 24392180
        repo_id: 377964066
    'ossf/scorecard-action@v2.4.4':
        ref: 'v2.4.4'
        commit: 'sha1-2d1146689b8cda280b9bc96326124645441f03bc'
        owner_id: 67707773
        repo_id: 421101922
    'step-security/codacy-coverage-reporter-action@v1.3.0':
        ref: 'v1.3.0'
        commit: 'sha1-44e97cd9a5e5328b79a4fd414746d6b074da1411'
        owner_id: 88700172
        repo_id: 1301442679
    'step-security/harden-runner@v2.21.0':
        ref: 'v2.21.0'
        commit: 'sha1-05e31511f85b41b11d1cf0ef85d0992719546e2c'
        owner_id: 88700172
        repo_id: 422287306
